
Microsoft Visual Studio Solution File, Format Version 12.00
# Visual Studio Version 17
VisualStudioVersion = 17.7.34031.279
MinimumVisualStudioVersion = 10.0.40219.1
Project("{FAE04EC0-301F-11D3-BF4B-00C04F79EFBC}") = "WPFDemo", "WPFDemo\WPFDemo.csproj", "{BB386A4F-8480-48E2-81D6-4441DD4987A1}"
EndProject
Global
	GlobalSection(SolutionConfigurationPlatforms) = preSolution
		Debug|Any CPU = Debug|Any CPU
		Release|Any CPU = Release|Any CPU
	EndGlobalSection
	GlobalSection(ProjectConfigurationPlatforms) = postSolution
		{BB386A4F-8480-48E2-81D6-4441DD4987A1}.Debug|Any CPU.ActiveCfg = Debug|Any CPU
		{BB386A4F-8480-48E2-81D6-4441DD4987A1}.Debug|Any CPU.Build.0 = Debug|Any CPU
		{BB386A4F-8480-48E2-81D6-4441DD4987A1}.Release|Any CPU.ActiveCfg = Release|Any CPU
		{BB386A4F-8480-48E2-81D6-4441DD4987A1}.Release|Any CPU.Build.0 = Release|Any CPU
	EndGlobalSection
	GlobalSection(SolutionProperties) = preSolution
		HideSolutionNode = FALSE
	EndGlobalSection
	GlobalSection(ExtensibilityGlobals) = postSolution
		SolutionGuid = {1E0222D4-F324-4FB6-9FE4-1F65850D0ADF}
	EndGlobalSection
EndGlobal
